
Microsoft Visual Studio Solution File, Format Version 12.00
# Visual Studio Version 16
VisualStudioVersion = 16.0.31515.178
MinimumVisualStudioVersion = 10.0.40219.1
Project("{9A19103F-16F7-4668-BE54-9A1E7A4F7556}") = "MyBank", "BankAccount\MyBank.csproj", "{61B0DBC0-2A72-4A70-80D6-0124F96B43B4}"
EndProject
Project("{9A19103F-16F7-4668-BE54-9A1E7A4F7556}") = "CodingConventions", "CodingConventions\CodingConventions.csproj", "{343EA037-1C06-458A-AEC5-C2213E1EE88A}"
EndProject
Project("{9A19103F-16F7-4668-BE54-9A1E7A4F7556}") = "Asynchronous", "Asynchronous\Asynchronous.csproj", "{87B8F55C-8C72-439C-8D01-BDD5283660BD}"
EndProject
Project("{9A19103F-16F7-4668-BE54-9A1E7A4F7556}") = "LINQExample", "LINQExample\LINQExample.csproj", "{5095E2BF-E89C-4018-99B6-2ABFD8150FAE}"
EndProject
Project("{FAE04EC0-301F-11D3-BF4B-00C04F79EFBC}") = "LINQExcercises", "LINQExcercises\LINQExcercises.csproj", "{AE2A7B4E-204A-4075-8349-D4E233749ECE}"
EndProject
Project("{FAE04EC0-301F-11D3-BF4B-00C04F79EFBC}") = "LambdaExpressions", "LambdaExpressions\LambdaExpressions.csproj", "{A149A054-A661-4495-A6E1-B34015F11C52}"
EndProject
Global
	GlobalSection(SolutionConfigurationPlatforms) = preSolution
		Debug|Any CPU = Debug|Any CPU
		Release|Any CPU = Release|Any CPU
	EndGlobalSection
	GlobalSection(ProjectConfigurationPlatforms) = postSolution
		{61B0DBC0-2A72-4A70-80D6-0124F96B43B4}.Debug|Any CPU.ActiveCfg = Debug|Any CPU
		{61B0DBC0-2A72-4A70-80D6-0124F96B43B4}.Debug|Any CPU.Build.0 = Debug|Any CPU
		{61B0DBC0-2A72-4A70-80D6-0124F96B43B4}.Release|Any CPU.ActiveCfg = Release|Any CPU
		{61B0DBC0-2A72-4A70-80D6-0124F96B43B4}.Release|Any CPU.Build.0 = Release|Any CPU
		{343EA037-1C06-458A-AEC5-C2213E1EE88A}.Debug|Any CPU.ActiveCfg = Debug|Any CPU
		{343EA037-1C06-458A-AEC5-C2213E1EE88A}.Debug|Any CPU.Build.0 = Debug|Any CPU
		{343EA037-1C06-458A-AEC5-C2213E1EE88A}.Release|Any CPU.ActiveCfg = Release|Any CPU
		{343EA037-1C06-458A-AEC5-C2213E1EE88A}.Release|Any CPU.Build.0 = Release|Any CPU
		{87B8F55C-8C72-439C-8D01-BDD5283660BD}.Debug|Any CPU.ActiveCfg = Debug|Any CPU
		{87B8F55C-8C72-439C-8D01-BDD5283660BD}.Debug|Any CPU.Build.0 = Debug|Any CPU
		{87B8F55C-8C72-439C-8D01-BDD5283660BD}.Release|Any CPU.ActiveCfg = Release|Any CPU
		{87B8F55C-8C72-439C-8D01-BDD5283660BD}.Release|Any CPU.Build.0 = Release|Any CPU
		{5095E2BF-E89C-4018-99B6-2ABFD8150FAE}.Debug|Any CPU.ActiveCfg = Debug|Any CPU
		{5095E2BF-E89C-4018-99B6-2ABFD8150FAE}.Debug|Any CPU.Build.0 = Debug|Any CPU
		{5095E2BF-E89C-4018-99B6-2ABFD8150FAE}.Release|Any CPU.ActiveCfg = Release|Any CPU
		{5095E2BF-E89C-4018-99B6-2ABFD8150FAE}.Release|Any CPU.Build.0 = Release|Any CPU
		{AE2A7B4E-204A-4075-8349-D4E233749ECE}.Debug|Any CPU.ActiveCfg = Debug|Any CPU
		{AE2A7B4E-204A-4075-8349-D4E233749ECE}.Debug|Any CPU.Build.0 = Debug|Any CPU
		{AE2A7B4E-204A-4075-8349-D4E233749ECE}.Release|Any CPU.ActiveCfg = Release|Any CPU
		{AE2A7B4E-204A-4075-8349-D4E233749ECE}.Release|Any CPU.Build.0 = Release|Any CPU
		{A149A054-A661-4495-A6E1-B34015F11C52}.Debug|Any CPU.ActiveCfg = Debug|Any CPU
		{A149A054-A661-4495-A6E1-B34015F11C52}.Debug|Any CPU.Build.0 = Debug|Any CPU
		{A149A054-A661-4495-A6E1-B34015F11C52}.Release|Any CPU.ActiveCfg = Release|Any CPU
		{A149A054-A661-4495-A6E1-B34015F11C52}.Release|Any CPU.Build.0 = Release|Any CPU
	EndGlobalSection
	GlobalSection(SolutionProperties) = preSolution
		HideSolutionNode = FALSE
	EndGlobalSection
	GlobalSection(ExtensibilityGlobals) = postSolution
		SolutionGuid = {BFB80FAB-5F3A-4E6D-9F14-EA48C6F00D98}
	EndGlobalSection
EndGlobal
